
Microsoft Visual Studio Solution File, Format Version 12.00
# Visual Studio Version 16
VisualStudioVersion = 16.0.29424.173
MinimumVisualStudioVersion = 10.0.40219.1
Project("{FAE04EC0-301F-11D3-BF4B-00C04F79EFBC}") = "Assistant", "Assistant\Assistant.csproj", "{69F223F9-08C9-4641-92DD-58761AB99606}"
EndProject
Project("{9A19103F-16F7-4668-BE54-9A1E7A4F7556}") = "Models", "Models\Models.csproj", "{8A303C44-CA64-4DEF-B373-539787EC4893}"
EndProject
Project("{FAE04EC0-301F-11D3-BF4B-00C04F79EFBC}") = "Doctor", "Doctor\Doctor.csproj", "{4D9835CC-F396-40FF-95DD-0AC3CD2647CE}"
EndProject
Project("{9A19103F-16F7-4668-BE54-9A1E7A4F7556}") = "ServerAPI", "ServerAPI\ServerAPI.csproj", "{7EB34168-5C1A-4BCC-A897-47F7911D2607}"
EndProject
Global
	GlobalSection(SolutionConfigurationPlatforms) = preSolution
		Debug|Any CPU = Debug|Any CPU
		Release|Any CPU = Release|Any CPU
	EndGlobalSection
	GlobalSection(ProjectConfigurationPlatforms) = postSolution
		{69F223F9-08C9-4641-92DD-58761AB99606}.Debug|Any CPU.ActiveCfg = Debug|Any CPU
		{69F223F9-08C9-4641-92DD-58761AB99606}.Debug|Any CPU.Build.0 = Debug|Any CPU
		{69F223F9-08C9-4641-92DD-58761AB99606}.Release|Any CPU.ActiveCfg = Release|Any CPU
		{69F223F9-08C9-4641-92DD-58761AB99606}.Release|Any CPU.Build.0 = Release|Any CPU
		{8A303C44-CA64-4DEF-B373-539787EC4893}.Debug|Any CPU.ActiveCfg = Debug|Any CPU
		{8A303C44-CA64-4DEF-B373-539787EC4893}.Debug|Any CPU.Build.0 = Debug|Any CPU
		{8A303C44-CA64-4DEF-B373-539787EC4893}.Release|Any CPU.ActiveCfg = Release|Any CPU
		{8A303C44-CA64-4DEF-B373-539787EC4893}.Release|Any CPU.Build.0 = Release|Any CPU
		{4D9835CC-F396-40FF-95DD-0AC3CD2647CE}.Debug|Any CPU.ActiveCfg = Debug|Any CPU
		{4D9835CC-F396-40FF-95DD-0AC3CD2647CE}.Debug|Any CPU.Build.0 = Debug|Any CPU
		{4D9835CC-F396-40FF-95DD-0AC3CD2647CE}.Release|Any CPU.ActiveCfg = Release|Any CPU
		{4D9835CC-F396-40FF-95DD-0AC3CD2647CE}.Release|Any CPU.Build.0 = Release|Any CPU
		{7EB34168-5C1A-4BCC-A897-47F7911D2607}.Debug|Any CPU.ActiveCfg = Debug|Any CPU
		{7EB34168-5C1A-4BCC-A897-47F7911D2607}.Debug|Any CPU.Build.0 = Debug|Any CPU
		{7EB34168-5C1A-4BCC-A897-47F7911D2607}.Release|Any CPU.ActiveCfg = Release|Any CPU
		{7EB34168-5C1A-4BCC-A897-47F7911D2607}.Release|Any CPU.Build.0 = Release|Any CPU
	EndGlobalSection
	GlobalSection(SolutionProperties) = preSolution
		HideSolutionNode = FALSE
	EndGlobalSection
	GlobalSection(ExtensibilityGlobals) = postSolution
		SolutionGuid = {17DDF436-E7C2-41E5-9022-EE5FD01F260A}
	EndGlobalSection
EndGlobal
